
Microsoft Visual Studio Solution File, Format Version 12.00
# Visual Studio Version 17
VisualStudioVersion = 17.8.34316.72
MinimumVisualStudioVersion = 10.0.40219.1
Project("{FAE04EC0-301F-11D3-BF4B-00C04F79EFBC}") = "API", "API\API.csproj", "{1B7A0E50-3078-40BB-B361-ACC047C3D089}"
EndProject
Global
	GlobalSection(SolutionConfigurationPlatforms) = preSolution
		Debug|Any CPU = Debug|Any CPU
		Release|Any CPU = Release|Any CPU
	EndGlobalSection
	GlobalSection(ProjectConfigurationPlatforms) = postSolution
		{1B7A0E50-3078-40BB-B361-ACC047C3D089}.Debug|Any CPU.ActiveCfg = Debug|Any CPU
		{1B7A0E50-3078-40BB-B361-ACC047C3D089}.Debug|Any CPU.Build.0 = Debug|Any CPU
		{1B7A0E50-3078-40BB-B361-ACC047C3D089}.Release|Any CPU.ActiveCfg = Release|Any CPU
		{1B7A0E50-3078-40BB-B361-ACC047C3D089}.Release|Any CPU.Build.0 = Release|Any CPU
	EndGlobalSection
	GlobalSection(SolutionProperties) = preSolution
		HideSolutionNode = FALSE
	EndGlobalSection
	GlobalSection(ExtensibilityGlobals) = postSolution
		SolutionGuid = {0BB1859D-EFB5-41FB-A77C-A66AF9D5971F}
	EndGlobalSection
EndGlobal
